{
    "_meta": {
        "hash": {
            "sha256": "2a35ddc745edecc6144daba47e99a769726bf3a9c690fc259ffeaa86e39e503b"
        },
        "pipfile-spec": 6,
        "requires": {
            "python_version": "3.8"
        },
        "sources": [
            {
                "name": "pypi",
                "url": "https://pypi.org/simple",
                "verify_ssl": true
            }
        ]
    },
    "default": {
        "racecard-krys": {
            "editable": true,
            "path": "."
        }
    },
    "develop": {}
}
